
Microsoft Visual Studio Solution File, Format Version 12.00
# Visual Studio Version 16
VisualStudioVersion = 25.0.1700.5
MinimumVisualStudioVersion = 10.0.40219.1
Project("{FAE04EC0-301F-11D3-BF4B-00C04F79EFBC}") = "RazorPizzeria", "RazorPizzeria\RazorPizzeria.csproj", "{ACFB74A6-64FD-4B36-8BF2-707FFCC01F1C}"
EndProject
Global
	GlobalSection(SolutionConfigurationPlatforms) = preSolution
		Debug|Any CPU = Debug|Any CPU
		Release|Any CPU = Release|Any CPU
	EndGlobalSection
	GlobalSection(ProjectConfigurationPlatforms) = postSolution
		{ACFB74A6-64FD-4B36-8BF2-707FFCC01F1C}.Debug|Any CPU.ActiveCfg = Debug|Any CPU
		{ACFB74A6-64FD-4B36-8BF2-707FFCC01F1C}.Debug|Any CPU.Build.0 = Debug|Any CPU
		{ACFB74A6-64FD-4B36-8BF2-707FFCC01F1C}.Release|Any CPU.ActiveCfg = Release|Any CPU
		{ACFB74A6-64FD-4B36-8BF2-707FFCC01F1C}.Release|Any CPU.Build.0 = Release|Any CPU
	EndGlobalSection
	GlobalSection(SolutionProperties) = preSolution
		HideSolutionNode = FALSE
	EndGlobalSection
	GlobalSection(ExtensibilityGlobals) = postSolution
		SolutionGuid = {B8786CE1-3D9C-49C6-9ACC-1B0E1F6782DE}
	EndGlobalSection
EndGlobal
